
Microsoft Visual Studio Solution File, Format Version 11.00
# Visual Studio 2010
Project("{FAE04EC0-301F-11D3-BF4B-00C04F79EFBC}") = "AppAreaCuadrado", "AppAreaCuadrado\AppAreaCuadrado.csproj", "{04901763-2658-434C-8268-08D909315542}"
EndProject
Global
	GlobalSection(SolutionConfigurationPlatforms) = preSolution
		Debug|x86 = Debug|x86
		Release|x86 = Release|x86
	EndGlobalSection
	GlobalSection(ProjectConfigurationPlatforms) = postSolution
		{04901763-2658-434C-8268-08D909315542}.Debug|x86.ActiveCfg = Debug|x86
		{04901763-2658-434C-8268-08D909315542}.Debug|x86.Build.0 = Debug|x86
		{04901763-2658-434C-8268-08D909315542}.Release|x86.ActiveCfg = Release|x86
		{04901763-2658-434C-8268-08D909315542}.Release|x86.Build.0 = Release|x86
	EndGlobalSection
	GlobalSection(MonoDevelopProperties) = preSolution
		StartupItem = AppAreaCuadrado\AppAreaCuadrado.csproj
	EndGlobalSection
EndGlobal
